{
    "_readme": [
        "This file locks the dependencies of your project to a known state",
        "Read more about it at https://getcomposer.org/doc/01-basic-usage.md#installing-dependencies",
        "This file is @generated automatically"
    ],
    "content-hash": "9c090550e4712579c7a0d912b95ec575",
    "packages": [
        {
            "name": "rustici-software/scorm-cloud",
            "version": "dev-master",
            "source": {
                "type": "git",
                "url": "https://github.com/RusticiSoftware/SCORMCloud_PHPLibrary.git",
                "reference": "a5da8e52ddd0c2f1541888cebaef9bd164366b24"
            },
            "dist": {
                "type": "zip",
                "url": "https://api.github.com/repos/RusticiSoftware/SCORMCloud_PHPLibrary/zipball/a5da8e52ddd0c2f1541888cebaef9bd164366b24",
                "reference": "a5da8e52ddd0c2f1541888cebaef9bd164366b24",
                "shasum": ""
            },
            "require": {
                "php": "^5.6.30 || ^7.0"
            },
            "type": "library",
            "notification-url": "https://packagist.org/downloads/",
            "description": "This package simplifies connecting to the SCORM Cloud API (v1).",
            "time": "2018-12-11T15:34:47+00:00"
        }
    ],
    "packages-dev": [],
    "aliases": [],
    "minimum-stability": "stable",
    "stability-flags": {
        "rustici-software/scorm-cloud": 20
    },
    "prefer-stable": false,
    "prefer-lowest": false,
    "platform": [],
    "platform-dev": []
}
